
Microsoft Visual Studio Solution File, Format Version 12.00
# Visual Studio Version 16
VisualStudioVersion = 16.0.29424.173
MinimumVisualStudioVersion = 10.0.40219.1
Project("{8BC9CEB8-8B4A-11D0-8D11-00A0C91BC942}") = "с4-1", "с4-1.vcxproj", "{AA56C7B5-F2BA-4456-AA72-E7D70CF1904F}"
EndProject
Global
	GlobalSection(SolutionConfigurationPlatforms) = preSolution
		Debug|x64 = Debug|x64
		Debug|x86 = Debug|x86
		Release|x64 = Release|x64
		Release|x86 = Release|x86
	EndGlobalSection
	GlobalSection(ProjectConfigurationPlatforms) = postSolution
		{AA56C7B5-F2BA-4456-AA72-E7D70CF1904F}.Debug|x64.ActiveCfg = Debug|x64
		{AA56C7B5-F2BA-4456-AA72-E7D70CF1904F}.Debug|x64.Build.0 = Debug|x64
		{AA56C7B5-F2BA-4456-AA72-E7D70CF1904F}.Debug|x86.ActiveCfg = Debug|Win32
		{AA56C7B5-F2BA-4456-AA72-E7D70CF1904F}.Debug|x86.Build.0 = Debug|Win32
		{AA56C7B5-F2BA-4456-AA72-E7D70CF1904F}.Release|x64.ActiveCfg = Release|x64
		{AA56C7B5-F2BA-4456-AA72-E7D70CF1904F}.Release|x64.Build.0 = Release|x64
		{AA56C7B5-F2BA-4456-AA72-E7D70CF1904F}.Release|x86.ActiveCfg = Release|Win32
		{AA56C7B5-F2BA-4456-AA72-E7D70CF1904F}.Release|x86.Build.0 = Release|Win32
	EndGlobalSection
	GlobalSection(SolutionProperties) = preSolution
		HideSolutionNode = FALSE
	EndGlobalSection
	GlobalSection(ExtensibilityGlobals) = postSolution
		SolutionGuid = {72A8D5FE-886B-47E6-B366-737FB9C400A2}
	EndGlobalSection
EndGlobal
